
Microsoft Visual Studio Solution File, Format Version 12.00
# Visual Studio Version 17
VisualStudioVersion = 17.7.34024.191
MinimumVisualStudioVersion = 10.0.40219.1
Project("{FAE04EC0-301F-11D3-BF4B-00C04F79EFBC}") = "3rdProjectWPFDashboard", "3rdProjectWPFDashboard.csproj", "{61E4F949-6DBE-44E2-A085-5BD0128DF10F}"
EndProject
Global
	GlobalSection(SolutionConfigurationPlatforms) = preSolution
		Debug|Any CPU = Debug|Any CPU
		Release|Any CPU = Release|Any CPU
	EndGlobalSection
	GlobalSection(ProjectConfigurationPlatforms) = postSolution
		{61E4F949-6DBE-44E2-A085-5BD0128DF10F}.Debug|Any CPU.ActiveCfg = Debug|Any CPU
		{61E4F949-6DBE-44E2-A085-5BD0128DF10F}.Debug|Any CPU.Build.0 = Debug|Any CPU
		{61E4F949-6DBE-44E2-A085-5BD0128DF10F}.Release|Any CPU.ActiveCfg = Release|Any CPU
		{61E4F949-6DBE-44E2-A085-5BD0128DF10F}.Release|Any CPU.Build.0 = Release|Any CPU
	EndGlobalSection
	GlobalSection(SolutionProperties) = preSolution
		HideSolutionNode = FALSE
	EndGlobalSection
	GlobalSection(ExtensibilityGlobals) = postSolution
		SolutionGuid = {6B50BEA1-CF2D-4562-98BD-32E16CC5453B}
	EndGlobalSection
EndGlobal
