
Microsoft Visual Studio Solution File, Format Version 12.00
# Visual Studio Version 17
VisualStudioVersion = 17.7.34024.191
MinimumVisualStudioVersion = 10.0.40219.1
Project("{FAE04EC0-301F-11D3-BF4B-00C04F79EFBC}") = "6thProjectKuis1WeatherApp", "6thProjectKuis1WeatherApp.csproj", "{EEDED83D-1920-4D52-8BA9-CA008CD82336}"
EndProject
Global
	GlobalSection(SolutionConfigurationPlatforms) = preSolution
		Debug|Any CPU = Debug|Any CPU
		Release|Any CPU = Release|Any CPU
	EndGlobalSection
	GlobalSection(ProjectConfigurationPlatforms) = postSolution
		{EEDED83D-1920-4D52-8BA9-CA008CD82336}.Debug|Any CPU.ActiveCfg = Debug|Any CPU
		{EEDED83D-1920-4D52-8BA9-CA008CD82336}.Debug|Any CPU.Build.0 = Debug|Any CPU
		{EEDED83D-1920-4D52-8BA9-CA008CD82336}.Release|Any CPU.ActiveCfg = Release|Any CPU
		{EEDED83D-1920-4D52-8BA9-CA008CD82336}.Release|Any CPU.Build.0 = Release|Any CPU
	EndGlobalSection
	GlobalSection(SolutionProperties) = preSolution
		HideSolutionNode = FALSE
	EndGlobalSection
	GlobalSection(ExtensibilityGlobals) = postSolution
		SolutionGuid = {98FC2B6D-B7A3-444D-8533-2E0BE8BEC0AF}
	EndGlobalSection
EndGlobal
